# This file is automatically @generated by Cargo.
# It is not intended for manual editing.
version = 4

[[package]]
name = "crypto-core"
version = "0.1.0"

[[package]]
name = "mpc"
version = "0.1.0"
dependencies = [
 "crypto-core",
 "secret-sharing",
]

[[package]]
name = "mpcith"
version = "0.1.0"
dependencies = [
 "crypto-core",
 "mpc",
 "secret-sharing",
]

[[package]]
name = "payment"
version = "0.1.0"
dependencies = [
 "crypto-core",
 "policy",
 "proof",
]

[[package]]
name = "policy"
version = "0.1.0"
dependencies = [
 "crypto-core",
]

[[package]]
name = "proof"
version = "0.1.0"
dependencies = [
 "crypto-core",
 "mpcith",
]

[[package]]
name = "sdk"
version = "0.1.0"
dependencies = [
 "payment",
 "policy",
 "proof",
 "verifier",
]

[[package]]
name = "secret-sharing"
version = "0.1.0"
dependencies = [
 "crypto-core",
]

[[package]]
name = "verifier"
version = "0.1.0"
dependencies = [
 "crypto-core",
 "policy",
 "proof",
]
